// !$*UTF8*$!
{
	archiveVersion = 1;
	classes = {
	};
	objectVersion = 50;
	objects = {

/* Begin PBXBuildFile section */
		E800127C20C271AF00E9859F /* AppDelegate.m in Sources */ = {isa = PBXBuildFile; fileRef = E800127B20C271AF00E9859F /* AppDelegate.m */; };
		E800127F20C271AF00E9859F /* ViewController.m in Sources */ = {isa = PBXBuildFile; fileRef = E800127E20C271AF00E9859F /* ViewController.m */; };
		E800128220C271AF00E9859F /* Main.storyboard in Resources */ = {isa = PBXBuildFile; fileRef = E800128020C271AF00E9859F /* Main.storyboard */; };
		E800128420C271B100E9859F /* Assets.xcassets in Resources */ = {isa = PBXBuildFile; fileRef = E800128320C271B100E9859F /* Assets.xcassets */; };
		E800128720C271B100E9859F /* LaunchScreen.storyboard in Resources */ = {isa = PBXBuildFile; fileRef = E800128520C271B100E9859F /* LaunchScreen.storyboard */; };
		E800128A20C271B100E9859F /* main.m in Sources */ = {isa = PBXBuildFile; fileRef = E800128920C271B100E9859F /* main.m */; };
		E800129220C2779A00E9859F /* ZYLabelAttributedString.m in Sources */ = {isa = PBXBuildFile; fileRef = E800129120C2779A00E9859F /* ZYLabelAttributedString.m */; };
		E800129820C2919700E9859F /* UIColor+KQExpanded.m in Sources */ = {isa = PBXBuildFile; fileRef = E800129620C2919700E9859F /* UIColor+KQExpanded.m */; };
/* End PBXBuildFile section */

/* Begin PBXFileReference section */
		E800127720C271AE00E9859F /* labelAttrbuitTest.app */ = {isa = PBXFileReference; explicitFileType = wrapper.application; includeInIndex = 0; path = labelAttrbuitTest.app; sourceTree = BUILT_PRODUCTS_DIR; };
		E800127A20C271AF00E9859F /* AppDelegate.h */ = {isa = PBXFileReference; lastKnownFileType = sourcecode.c.h; path = AppDelegate.h; sourceTree = "<group>"; };
		E800127B20C271AF00E9859F /* AppDelegate.m */ = {isa = PBXFileReference; lastKnownFileType = sourcecode.c.objc; path = AppDelegate.m; sourceTree = "<group>"; };
		E800127D20C271AF00E9859F /* ViewController.h */ = {isa = PBXFileReference; lastKnownFileType = sourcecode.c.h; path = ViewController.h; sourceTree = "<group>"; };
		E800127E20C271AF00E9859F /* ViewController.m */ = {isa = PBXFileReference; lastKnownFileType = sourcecode.c.objc; path = ViewController.m; sourceTree = "<group>"; };
		E800128120C271AF00E9859F /* Base */ = {isa = PBXFileReference; lastKnownFileType = file.storyboard; name = Base; path = Base.lproj/Main.storyboard; sourceTree = "<group>"; };
		E800128320C271B100E9859F /* Assets.xcassets */ = {isa = PBXFileReference; lastKnownFileType = folder.assetcatalog; path = Assets.xcassets; sourceTree = "<group>"; };
		E800128620C271B100E9859F /* Base */ = {isa = PBXFileReference; lastKnownFileType = file.storyboard; name = Base; path = Base.lproj/LaunchScreen.storyboard; sourceTree = "<group>"; };
		E800128820C271B100E9859F /* Info.plist */ = {isa = PBXFileReference; lastKnownFileType = text.plist.xml; path = Info.plist; sourceTree = "<group>"; };
		E800128920C271B100E9859F /* main.m */ = {isa = PBXFileReference; lastKnownFileType = sourcecode.c.objc; path = main.m; sourceTree = "<group>"; };
		E800129020C2779A00E9859F /* ZYLabelAttributedString.h */ = {isa = PBXFileReference; lastKnownFileType = sourcecode.c.h; path = ZYLabelAttributedString.h; sourceTree = "<group>"; };
		E800129120C2779A00E9859F /* ZYLabelAttributedString.m */ = {isa = PBXFileReference; lastKnownFileType = sourcecode.c.objc; path = ZYLabelAttributedString.m; sourceTree = "<group>"; };
		E800129620C2919700E9859F /* UIColor+KQExpanded.m */ = {isa = PBXFileReference; fileEncoding = 4; lastKnownFileType = sourcecode.c.objc; path = "UIColor+KQExpanded.m"; sourceTree = "<group>"; };
		E800129720C2919700E9859F /* UIColor+KQExpanded.h */ = {isa = PBXFileReference; fileEncoding = 4; lastKnownFileType = sourcecode.c.h; path = "UIColor+KQExpanded.h"; sourceTree = "<group>"; };
/* End PBXFileReference section */

/* Begin PBXFrameworksBuildPhase section */
		E800127420C271AE00E9859F /* Frameworks */ = {
			isa = PBXFrameworksBuildPhase;
			buildActionMask = 2147483647;
			files = (
			);
			runOnlyForDeploymentPostprocessing = 0;
		};
/* End PBXFrameworksBuildPhase section */

/* Begin PBXGroup section */
		E800126E20C271AE00E9859F = {
			isa = PBXGroup;
			children = (
				E800127920C271AF00E9859F /* labelAttrbuitTest */,
				E800127820C271AE00E9859F /* Products */,
			);
			sourceTree = "<group>";
		};
		E800127820C271AE00E9859F /* Products */ = {
			isa = PBXGroup;
			children = (
				E800127720C271AE00E9859F /* labelAttrbuitTest.app */,
			);
			name = Products;
			sourceTree = "<group>";
		};
		E800127920C271AF00E9859F /* labelAttrbuitTest */ = {
			isa = PBXGroup;
			children = (
				E800127A20C271AF00E9859F /* AppDelegate.h */,
				E800127B20C271AF00E9859F /* AppDelegate.m */,
				E800127D20C271AF00E9859F /* ViewController.h */,
				E800127E20C271AF00E9859F /* ViewController.m */,
				E800129020C2779A00E9859F /* ZYLabelAttributedString.h */,
				E800129120C2779A00E9859F /* ZYLabelAttributedString.m */,
				E800129720C2919700E9859F /* UIColor+KQExpanded.h */,
				E800129620C2919700E9859F /* UIColor+KQExpanded.m */,
				E800128020C271AF00E9859F /* Main.storyboard */,
				E800128320C271B100E9859F /* Assets.xcassets */,
				E800128520C271B100E9859F /* LaunchScreen.storyboard */,
				E800128820C271B100E9859F /* Info.plist */,
				E800128920C271B100E9859F /* main.m */,
			);
			path = labelAttrbuitTest;
			sourceTree = "<group>";
		};
/* End PBXGroup section */

/* Begin PBXNativeTarget section */
		E800127620C271AE00E9859F /* labelAttrbuitTest */ = {
			isa = PBXNativeTarget;
			buildConfigurationList = E800128D20C271B100E9859F /* Build configuration list for PBXNativeTarget "labelAttrbuitTest" */;
			buildPhases = (
				E800127320C271AE00E9859F /* Sources */,
				E800127420C271AE00E9859F /* Frameworks */,
				E800127520C271AE00E9859F /* Resources */,
			);
			buildRules = (
			);
			dependencies = (
			);
			name = labelAttrbuitTest;
			productName = labelAttrbuitTest;
			productReference = E800127720C271AE00E9859F /* labelAttrbuitTest.app */;
			productType = "com.apple.product-type.application";
		};
/* End PBXNativeTarget section */

/* Begin PBXProject section */
		E800126F20C271AE00E9859F /* Project object */ = {
			isa = PBXProject;
			attributes = {
				LastUpgradeCheck = 0930;
				ORGANIZATIONNAME = KuoShuChing;
				TargetAttributes = {
					E800127620C271AE00E9859F = {
						CreatedOnToolsVersion = 9.3;
					};
				};
			};
			buildConfigurationList = E800127220C271AE00E9859F /* Build configuration list for PBXProject "labelAttrbuitTest" */;
			compatibilityVersion = "Xcode 9.3";
			developmentRegion = en;
			hasScannedForEncodings = 0;
			knownRegions = (
				en,
				Base,
			);
			mainGroup = E800126E20C271AE00E9859F;
			productRefGroup = E800127820C271AE00E9859F /* Products */;
			projectDirPath = "";
			projectRoot = "";
			targets = (
				E800127620C271AE00E9859F /* labelAttrbuitTest */,
			);
		};
/* End PBXProject section */

/* Begin PBXResourcesBuildPhase section */
		E800127520C271AE00E9859F /* Resources */ = {
			isa = PBXResourcesBuildPhase;
			buildActionMask = 2147483647;
			files = (
				E800128720C271B100E9859F /* LaunchScreen.storyboard in Resources */,
				E800128420C271B100E9859F /* Assets.xcassets in Resources */,
				E800128220C271AF00E9859F /* Main.storyboard in Resources */,
			);
			runOnlyForDeploymentPostprocessing = 0;
		};
/* End PBXResourcesBuildPhase section */

/* Begin PBXSourcesBuildPhase section */
		E800127320C271AE00E9859F /* Sources */ = {
			isa = PBXSourcesBuildPhase;
			buildActionMask = 2147483647;
			files = (
				E800127F20C271AF00E9859F /* ViewController.m in Sources */,
				E800128A20C271B100E9859F /* main.m in Sources */,
				E800129820C2919700E9859F /* UIColor+KQExpanded.m in Sources */,
				E800129220C2779A00E9859F /* ZYLabelAttributedString.m in Sources */,
				E800127C20C271AF00E9859F /* AppDelegate.m in Sources */,
			);
			runOnlyForDeploymentPostprocessing = 0;
		};
/* End PBXSourcesBuildPhase section */

/* Begin PBXVariantGroup section */
		E800128020C271AF00E9859F /* Main.storyboard */ = {
			isa = PBXVariantGroup;
			children = (
				E800128120C271AF00E9859F /* Base */,
			);
			name = Main.storyboard;
			sourceTree = "<group>";
		};
		E800128520C271B100E9859F /* LaunchScreen.storyboard */ = {
			isa = PBXVariantGroup;
			children = (
				E800128620C271B100E9859F /* Base */,
			);
			name = LaunchScreen.storyboard;
			sourceTree = "<group>";
		};
/* End PBXVariantGroup section */

/* Begin XCBuildConfiguration section */
		E800128B20C271B100E9859F /* Debug */ = {
			isa = XCBuildConfiguration;
			buildSettings = {
				ALWAYS_SEARCH_USER_PATHS = NO;
				CLANG_ANALYZER_NONNULL = YES;
				CLANG_ANALYZER_NUMBER_OBJECT_CONVERSION = YES_AGGRESSIVE;
				CLANG_CXX_LANGUAGE_STANDARD = "gnu++14";
				CLANG_CXX_LIBRARY = "libc++";
				CLANG_ENABLE_MODULES = YES;
				CLANG_ENABLE_OBJC_ARC = YES;
				CLANG_ENABLE_OBJC_WEAK = YES;
				CLANG_WARN_BLOCK_CAPTURE_AUTORELEASING = YES;
				CLANG_WARN_BOOL_CONVERSION = YES;
				CLANG_WARN_COMMA = YES;
				CLANG_WARN_CONSTANT_CONVERSION = YES;
				CLANG_WARN_DEPRECATED_OBJC_IMPLEMENTATIONS = YES;
				CLANG_WARN_DIRECT_OBJC_ISA_USAGE = YES_ERROR;
				CLANG_WARN_DOCUMENTATION_COMMENTS = YES;
				CLANG_WARN_EMPTY_BODY = YES;
				CLANG_WARN_ENUM_CONVERSION = YES;
				CLANG_WARN_INFINITE_RECURSION = YES;
				CLANG_WARN_INT_CONVERSION = YES;
				CLANG_WARN_NON_LITERAL_NULL_CONVERSION = YES;
				CLANG_WARN_OBJC_IMPLICIT_RETAIN_SELF = YES;
				CLANG_WARN_OBJC_LITERAL_CONVERSION = YES;
				CLANG_WARN_OBJC_ROOT_CLASS = YES_ERROR;
				CLANG_WARN_RANGE_LOOP_ANALYSIS = YES;
				CLANG_WARN_STRICT_PROTOTYPES = YES;
				CLANG_WARN_SUSPICIOUS_MOVE = YES;
				CLANG_WARN_UNGUARDED_AVAILABILITY = YES_AGGRESSIVE;
				CLANG_WARN_UNREACHABLE_CODE = YES;
				CLANG_WARN__DUPLICATE_METHOD_MATCH = YES;
				CODE_SIGN_IDENTITY = "iPhone Developer";
				COPY_PHASE_STRIP = NO;
				DEBUG_INFORMATION_FORMAT = dwarf;
				ENABLE_STRICT_OBJC_MSGSEND = YES;
				ENABLE_TESTABILITY = YES;
				GCC_C_LANGUAGE_STANDARD = gnu11;
				GCC_DYNAMIC_NO_PIC = NO;
				GCC_NO_COMMON_BLOCKS = YES;
				GCC_OPTIMIZATION_LEVEL = 0;
				GCC_PREPROCESSOR_DEFINITIONS = (
					"DEBUG=1",
					"$(inherited)",
				);
				GCC_WARN_64_TO_32_BIT_CONVERSION = YES;
				GCC_WARN_ABOUT_RETURN_TYPE = YES_ERROR;
				GCC_WARN_UNDECLARED_SELECTOR = YES;
				GCC_WARN_UNINITIALIZED_AUTOS = YES_AGGRESSIVE;
				GCC_WARN_UNUSED_FUNCTION = YES;
				GCC_WARN_UNUSED_VARIABLE = YES;
				IPHONEOS_DEPLOYMENT_TARGET = 11.3;
				MTL_ENABLE_DEBUG_INFO = YES;
				ONLY_ACTIVE_ARCH = YES;
				SDKROOT = iphoneos;
			};
			name = Debug;
		};
		E800128C20C271B100E9859F /* Release */ = {
			isa = XCBuildConfiguration;
			buildSettings = {
				ALWAYS_SEARCH_USER_PATHS = NO;
				CLANG_ANALYZER_NONNULL = YES;
				CLANG_ANALYZER_NUMBER_OBJECT_CONVERSION = YES_AGGRESSIVE;
				CLANG_CXX_LANGUAGE_STANDARD = "gnu++14";
				CLANG_CXX_LIBRARY = "libc++";
				CLANG_ENABLE_MODULES = YES;
				CLANG_ENABLE_OBJC_ARC = YES;
				CLANG_ENABLE_OBJC_WEAK = YES;
				CLANG_WARN_BLOCK_CAPTURE_AUTORELEASING = YES;
				CLANG_WARN_BOOL_CONVERSION = YES;
				CLANG_WARN_COMMA = YES;
				CLANG_WARN_CONSTANT_CONVERSION = YES;
				CLANG_WARN_DEPRECATED_OBJC_IMPLEMENTATIONS = YES;
				CLANG_WARN_DIRECT_OBJC_ISA_USAGE = YES_ERROR;
				CLANG_WARN_DOCUMENTATION_COMMENTS = YES;
				CLANG_WARN_EMPTY_BODY = YES;
				CLANG_WARN_ENUM_CONVERSION = YES;
				CLANG_WARN_INFINITE_RECURSION = YES;
				CLANG_WARN_INT_CONVERSION = YES;
				CLANG_WARN_NON_LITERAL_NULL_CONVERSION = YES;
				CLANG_WARN_OBJC_IMPLICIT_RETAIN_SELF = YES;
				CLANG_WARN_OBJC_LITERAL_CONVERSION = YES;
				CLANG_WARN_OBJC_ROOT_CLASS = YES_ERROR;
				CLANG_WARN_RANGE_LOOP_ANALYSIS = YES;
				CLANG_WARN_STRICT_PROTOTYPES = YES;
				CLANG_WARN_SUSPICIOUS_MOVE = YES;
				CLANG_WARN_UNGUARDED_AVAILABILITY = YES_AGGRESSIVE;
				CLANG_WARN_UNREACHABLE_CODE = YES;
				CLANG_WARN__DUPLICATE_METHOD_MATCH = YES;
				CODE_SIGN_IDENTITY = "iPhone Developer";
				COPY_PHASE_STRIP = NO;
				DEBUG_INFORMATION_FORMAT = "dwarf-with-dsym";
				ENABLE_NS_ASSERTIONS = NO;
				ENABLE_STRICT_OBJC_MSGSEND = YES;
				GCC_C_LANGUAGE_STANDARD = gnu11;
				GCC_NO_COMMON_BLOCKS = YES;
				GCC_WARN_64_TO_32_BIT_CONVERSION = YES;
				GCC_WARN_ABOUT_RETURN_TYPE = YES_ERROR;
				GCC_WARN_UNDECLARED_SELECTOR = YES;
				GCC_WARN_UNINITIALIZED_AUTOS = YES_AGGRESSIVE;
				GCC_WARN_UNUSED_FUNCTION = YES;
				GCC_WARN_UNUSED_VARIABLE = YES;
				IPHONEOS_DEPLOYMENT_TARGET = 11.3;
				MTL_ENABLE_DEBUG_INFO = NO;
				SDKROOT = iphoneos;
				VALIDATE_PRODUCT = YES;
			};
			name = Release;
		};
		E800128E20C271B100E9859F /* Debug */ = {
			isa = XCBuildConfiguration;
			buildSettings = {
				ASSETCATALOG_COMPILER_APPICON_NAME = AppIcon;
				CODE_SIGN_STYLE = Automatic;
				INFOPLIST_FILE = labelAttrbuitTest/Info.plist;
				LD_RUNPATH_SEARCH_PATHS = (
					"$(inherited)",
					"@executable_path/Frameworks",
				);
				PRODUCT_BUNDLE_IDENTIFIER = KuoShuChing.labelAttrbuitTest;
				PRODUCT_NAME = "$(TARGET_NAME)";
				TARGETED_DEVICE_FAMILY = "1,2";
			};
			name = Debug;
		};
		E800128F20C271B100E9859F /* Release */ = {
			isa = XCBuildConfiguration;
			buildSettings = {
				ASSETCATALOG_COMPILER_APPICON_NAME = AppIcon;
				CODE_SIGN_STYLE = Automatic;
				INFOPLIST_FILE = labelAttrbuitTest/Info.plist;
				LD_RUNPATH_SEARCH_PATHS = (
					"$(inherited)",
					"@executable_path/Frameworks",
				);
				PRODUCT_BUNDLE_IDENTIFIER = KuoShuChing.labelAttrbuitTest;
				PRODUCT_NAME = "$(TARGET_NAME)";
				TARGETED_DEVICE_FAMILY = "1,2";
			};
			name = Release;
		};
/* End XCBuildConfiguration section */

/* Begin XCConfigurationList section */
		E800127220C271AE00E9859F /* Build configuration list for PBXProject "labelAttrbuitTest" */ = {
			isa = XCConfigurationList;
			buildConfigurations = (
				E800128B20C271B100E9859F /* Debug */,
				E800128C20C271B100E9859F /* Release */,
			);
			defaultConfigurationIsVisible = 0;
			defaultConfigurationName = Release;
		};
		E800128D20C271B100E9859F /* Build configuration list for PBXNativeTarget "labelAttrbuitTest" */ = {
			isa = XCConfigurationList;
			buildConfigurations = (
				E800128E20C271B100E9859F /* Debug */,
				E800128F20C271B100E9859F /* Release */,
			);
			defaultConfigurationIsVisible = 0;
			defaultConfigurationName = Release;
		};
/* End XCConfigurationList section */
	};
	rootObject = E800126F20C271AE00E9859F /* Project object */;
}
